
Microsoft Visual Studio Solution File, Format Version 12.00
# Visual Studio 14
VisualStudioVersion = 14.0.24720.0
MinimumVisualStudioVersion = 10.0.40219.1
Project("{FAE04EC0-301F-11D3-BF4B-00C04F79EFBC}") = "WebFeedReader", "WebFeedReader\WebFeedReader.csproj", "{A194D56D-880C-4DE3-ACC6-3FE0BCE65BD3}"
EndProject
Project("{FAE04EC0-301F-11D3-BF4B-00C04F79EFBC}") = "WebFeedReader.Tests.Unit", "WebFeedReader.Tests.Unit\WebFeedReader.Tests.Unit.csproj", "{B579B02B-23A9-4704-A203-F84B7ED2D85A}"
EndProject
Project("{2150E333-8FDC-42A3-9474-1A3956D46DE8}") = "Solution Items", "Solution Items", "{A43B35B7-0E01-4FC7-B9FE-DB0B9555C3B6}"
	ProjectSection(SolutionItems) = preProject
		LICENSE.txt = LICENSE.txt
		README.md = README.md
	EndProjectSection
EndProject
Global
	GlobalSection(SolutionConfigurationPlatforms) = preSolution
		Debug|Any CPU = Debug|Any CPU
		Release|Any CPU = Release|Any CPU
	EndGlobalSection
	GlobalSection(ProjectConfigurationPlatforms) = postSolution
		{A194D56D-880C-4DE3-ACC6-3FE0BCE65BD3}.Debug|Any CPU.ActiveCfg = Debug|Any CPU
		{A194D56D-880C-4DE3-ACC6-3FE0BCE65BD3}.Debug|Any CPU.Build.0 = Debug|Any CPU
		{A194D56D-880C-4DE3-ACC6-3FE0BCE65BD3}.Release|Any CPU.ActiveCfg = Release|Any CPU
		{A194D56D-880C-4DE3-ACC6-3FE0BCE65BD3}.Release|Any CPU.Build.0 = Release|Any CPU
		{B579B02B-23A9-4704-A203-F84B7ED2D85A}.Debug|Any CPU.ActiveCfg = Debug|Any CPU
		{B579B02B-23A9-4704-A203-F84B7ED2D85A}.Debug|Any CPU.Build.0 = Debug|Any CPU
		{B579B02B-23A9-4704-A203-F84B7ED2D85A}.Release|Any CPU.ActiveCfg = Release|Any CPU
		{B579B02B-23A9-4704-A203-F84B7ED2D85A}.Release|Any CPU.Build.0 = Release|Any CPU
	EndGlobalSection
	GlobalSection(SolutionProperties) = preSolution
		HideSolutionNode = FALSE
	EndGlobalSection
EndGlobal
